
Microsoft Visual Studio Solution File, Format Version 12.00
# Visual Studio Version 16
VisualStudioVersion = 16.0.30011.22
MinimumVisualStudioVersion = 10.0.40219.1
Project("{FAE04EC0-301F-11D3-BF4B-00C04F79EFBC}") = "OwinAuthSimple", "OwinAuthSimple\OwinAuthSimple.csproj", "{6C872DBF-28F1-4902-A963-16DC069434D5}"
EndProject
Project("{FAE04EC0-301F-11D3-BF4B-00C04F79EFBC}") = "InjectValuesInWebConfig", "InjectValuesInWebConfig\InjectValuesInWebConfig.csproj", "{A2E602C3-DE3D-478A-A87B-D2F47B96F406}"
EndProject
Project("{2150E333-8FDC-42A3-9474-1A3956D46DE8}") = "Solution Items", "Solution Items", "{C0479236-DC5E-4DD4-A536-72BD0488FA92}"
	ProjectSection(SolutionItems) = preProject
		README.md = README.md
	EndProjectSection
EndProject
Project("{FAE04EC0-301F-11D3-BF4B-00C04F79EFBC}") = "WebApi2Simple", "WebApi2Simple\WebApi2Simple.csproj", "{6438D4CF-02A6-4219-A467-44B697A4DA5D}"
EndProject
Project("{FAE04EC0-301F-11D3-BF4B-00C04F79EFBC}") = "RenderGitHubMD", "RenderGitHubMD\RenderGitHubMD.csproj", "{96C06670-EA15-499E-A5CD-C4A74032CEB3}"
EndProject
Project("{9A19103F-16F7-4668-BE54-9A1E7A4F7556}") = "AspNetBigFiles_core", "AspNetBigFiles_core\AspNetBigFiles_core.csproj", "{DE68FB3D-9611-421C-B2AE-C07045C012A6}"
EndProject
Project("{FAE04EC0-301F-11D3-BF4B-00C04F79EFBC}") = "AspNetBigFiles_dotnet", "AspNetBigFiles_dotnet\AspNetBigFiles_dotnet.csproj", "{99C8E6F6-C047-4C41-8DD1-91C7FAD4D1B5}"
EndProject
Project("{2150E333-8FDC-42A3-9474-1A3956D46DE8}") = "aspnetbigfiles_common", "aspnetbigfiles_common", "{4037747F-27F0-4DEB-8794-F7AA7636CB75}"
	ProjectSection(SolutionItems) = preProject
		AspNetBigFiles_common\README.md = AspNetBigFiles_common\README.md
		AspNetBigFiles_common\UploadFile.js = AspNetBigFiles_common\UploadFile.js
		AspNetBigFiles_common\UploadFile_CopyToProjects.cmd = AspNetBigFiles_common\UploadFile_CopyToProjects.cmd
	EndProjectSection
EndProject
Global
	GlobalSection(SolutionConfigurationPlatforms) = preSolution
		Debug|Any CPU = Debug|Any CPU
		Release|Any CPU = Release|Any CPU
	EndGlobalSection
	GlobalSection(ProjectConfigurationPlatforms) = postSolution
		{6C872DBF-28F1-4902-A963-16DC069434D5}.Debug|Any CPU.ActiveCfg = Debug|Any CPU
		{6C872DBF-28F1-4902-A963-16DC069434D5}.Debug|Any CPU.Build.0 = Debug|Any CPU
		{6C872DBF-28F1-4902-A963-16DC069434D5}.Release|Any CPU.ActiveCfg = Release|Any CPU
		{6C872DBF-28F1-4902-A963-16DC069434D5}.Release|Any CPU.Build.0 = Release|Any CPU
		{A2E602C3-DE3D-478A-A87B-D2F47B96F406}.Debug|Any CPU.ActiveCfg = Debug|Any CPU
		{A2E602C3-DE3D-478A-A87B-D2F47B96F406}.Debug|Any CPU.Build.0 = Debug|Any CPU
		{A2E602C3-DE3D-478A-A87B-D2F47B96F406}.Release|Any CPU.ActiveCfg = Release|Any CPU
		{A2E602C3-DE3D-478A-A87B-D2F47B96F406}.Release|Any CPU.Build.0 = Release|Any CPU
		{6438D4CF-02A6-4219-A467-44B697A4DA5D}.Debug|Any CPU.ActiveCfg = Debug|Any CPU
		{6438D4CF-02A6-4219-A467-44B697A4DA5D}.Debug|Any CPU.Build.0 = Debug|Any CPU
		{6438D4CF-02A6-4219-A467-44B697A4DA5D}.Release|Any CPU.ActiveCfg = Release|Any CPU
		{6438D4CF-02A6-4219-A467-44B697A4DA5D}.Release|Any CPU.Build.0 = Release|Any CPU
		{96C06670-EA15-499E-A5CD-C4A74032CEB3}.Debug|Any CPU.ActiveCfg = Debug|Any CPU
		{96C06670-EA15-499E-A5CD-C4A74032CEB3}.Debug|Any CPU.Build.0 = Debug|Any CPU
		{96C06670-EA15-499E-A5CD-C4A74032CEB3}.Release|Any CPU.ActiveCfg = Release|Any CPU
		{96C06670-EA15-499E-A5CD-C4A74032CEB3}.Release|Any CPU.Build.0 = Release|Any CPU
		{DE68FB3D-9611-421C-B2AE-C07045C012A6}.Debug|Any CPU.ActiveCfg = Debug|Any CPU
		{DE68FB3D-9611-421C-B2AE-C07045C012A6}.Debug|Any CPU.Build.0 = Debug|Any CPU
		{DE68FB3D-9611-421C-B2AE-C07045C012A6}.Release|Any CPU.ActiveCfg = Release|Any CPU
		{DE68FB3D-9611-421C-B2AE-C07045C012A6}.Release|Any CPU.Build.0 = Release|Any CPU
		{99C8E6F6-C047-4C41-8DD1-91C7FAD4D1B5}.Debug|Any CPU.ActiveCfg = Debug|Any CPU
		{99C8E6F6-C047-4C41-8DD1-91C7FAD4D1B5}.Debug|Any CPU.Build.0 = Debug|Any CPU
		{99C8E6F6-C047-4C41-8DD1-91C7FAD4D1B5}.Release|Any CPU.ActiveCfg = Release|Any CPU
		{99C8E6F6-C047-4C41-8DD1-91C7FAD4D1B5}.Release|Any CPU.Build.0 = Release|Any CPU
	EndGlobalSection
	GlobalSection(SolutionProperties) = preSolution
		HideSolutionNode = FALSE
	EndGlobalSection
	GlobalSection(ExtensibilityGlobals) = postSolution
		SolutionGuid = {CFF91EAE-6C69-4480-8C2F-CEA27C70ED68}
	EndGlobalSection
EndGlobal
